
Microsoft Visual Studio Solution File, Format Version 12.00
# Visual Studio Version 17
VisualStudioVersion = 17.4.33205.214
MinimumVisualStudioVersion = 10.0.40219.1
Project("{9A19103F-16F7-4668-BE54-9A1E7A4F7556}") = "net.boilingwater.Framework.Common", "net.boilingwater.Framework.Common\net.boilingwater.Framework.Common.csproj", "{1EB097AB-FCAE-481D-BA14-B50710D918C3}"
EndProject
Project("{2150E333-8FDC-42A3-9474-1A3956D46DE8}") = "_Test", "_Test", "{727B8792-7DD4-44E8-8D6B-DB78F0F8D1DD}"
EndProject
Project("{9A19103F-16F7-4668-BE54-9A1E7A4F7556}") = "net.boilingwater.Framework.CommonTest", "_Test\net.boilingwater.Framework.CommonTest\net.boilingwater.Framework.CommonTest.csproj", "{47DA5FAE-CC2A-4EC0-9844-F0A394AE3896}"
EndProject
Project("{2150E333-8FDC-42A3-9474-1A3956D46DE8}") = ".config", ".config", "{1FD4BF55-7FFE-47E9-8DAD-6B0DEC4A2136}"
	ProjectSection(SolutionItems) = preProject
		.editorconfig = .editorconfig
	EndProjectSection
EndProject
Project("{FAE04EC0-301F-11D3-BF4B-00C04F79EFBC}") = "TestApplication", "TestApplication\TestApplication.csproj", "{99C5AAF4-B75F-4EE3-A867-74ACF943FBB2}"
EndProject
Global
	GlobalSection(SolutionConfigurationPlatforms) = preSolution
		Debug|Any CPU = Debug|Any CPU
		Release|Any CPU = Release|Any CPU
	EndGlobalSection
	GlobalSection(ProjectConfigurationPlatforms) = postSolution
		{1EB097AB-FCAE-481D-BA14-B50710D918C3}.Debug|Any CPU.ActiveCfg = Debug|Any CPU
		{1EB097AB-FCAE-481D-BA14-B50710D918C3}.Debug|Any CPU.Build.0 = Debug|Any CPU
		{1EB097AB-FCAE-481D-BA14-B50710D918C3}.Release|Any CPU.ActiveCfg = Release|Any CPU
		{1EB097AB-FCAE-481D-BA14-B50710D918C3}.Release|Any CPU.Build.0 = Release|Any CPU
		{47DA5FAE-CC2A-4EC0-9844-F0A394AE3896}.Debug|Any CPU.ActiveCfg = Debug|Any CPU
		{47DA5FAE-CC2A-4EC0-9844-F0A394AE3896}.Debug|Any CPU.Build.0 = Debug|Any CPU
		{47DA5FAE-CC2A-4EC0-9844-F0A394AE3896}.Release|Any CPU.ActiveCfg = Release|Any CPU
		{47DA5FAE-CC2A-4EC0-9844-F0A394AE3896}.Release|Any CPU.Build.0 = Release|Any CPU
		{99C5AAF4-B75F-4EE3-A867-74ACF943FBB2}.Debug|Any CPU.ActiveCfg = Debug|Any CPU
		{99C5AAF4-B75F-4EE3-A867-74ACF943FBB2}.Debug|Any CPU.Build.0 = Debug|Any CPU
		{99C5AAF4-B75F-4EE3-A867-74ACF943FBB2}.Release|Any CPU.ActiveCfg = Release|Any CPU
		{99C5AAF4-B75F-4EE3-A867-74ACF943FBB2}.Release|Any CPU.Build.0 = Release|Any CPU
	EndGlobalSection
	GlobalSection(SolutionProperties) = preSolution
		HideSolutionNode = FALSE
	EndGlobalSection
	GlobalSection(NestedProjects) = preSolution
		{47DA5FAE-CC2A-4EC0-9844-F0A394AE3896} = {727B8792-7DD4-44E8-8D6B-DB78F0F8D1DD}
	EndGlobalSection
	GlobalSection(ExtensibilityGlobals) = postSolution
		SolutionGuid = {951C54EF-EE0A-400D-A729-BB5A5E401E67}
	EndGlobalSection
EndGlobal
